// !$*UTF8*$!
{
	archiveVersion = 1;
	classes = {
	};
	objectVersion = 50;
	objects = {

/* Begin PBXBuildFile section */
		184253B8238A65B8009902B6 /* Gif.swift in Sources */ = {isa = PBXBuildFile; fileRef = 184253B7238A65B8009902B6 /* Gif.swift */; };
		184253BA238A669D009902B6 /* GifDownloader.swift in Sources */ = {isa = PBXBuildFile; fileRef = 184253B9238A669D009902B6 /* GifDownloader.swift */; };
		184253BC238AECA5009902B6 /* AnimatedImageView.swift in Sources */ = {isa = PBXBuildFile; fileRef = 184253BB238AECA5009902B6 /* AnimatedImageView.swift */; };
		18C2B9F1238990530069E761 /* AppDelegate.swift in Sources */ = {isa = PBXBuildFile; fileRef = 18C2B9F0238990530069E761 /* AppDelegate.swift */; };
		18C2B9F3238990530069E761 /* ContentView.swift in Sources */ = {isa = PBXBuildFile; fileRef = 18C2B9F2238990530069E761 /* ContentView.swift */; };
		18C2B9F5238990590069E761 /* Assets.xcassets in Resources */ = {isa = PBXBuildFile; fileRef = 18C2B9F4238990590069E761 /* Assets.xcassets */; };
		18C2B9F8238990590069E761 /* Preview Assets.xcassets in Resources */ = {isa = PBXBuildFile; fileRef = 18C2B9F7238990590069E761 /* Preview Assets.xcassets */; };
		18C2B9FB238990590069E761 /* LaunchScreen.storyboard in Resources */ = {isa = PBXBuildFile; fileRef = 18C2B9F9238990590069E761 /* LaunchScreen.storyboard */; };
/* End PBXBuildFile section */

/* Begin PBXFileReference section */
		184253B7238A65B8009902B6 /* Gif.swift */ = {isa = PBXFileReference; lastKnownFileType = sourcecode.swift; path = Gif.swift; sourceTree = "<group>"; };
		184253B9238A669D009902B6 /* GifDownloader.swift */ = {isa = PBXFileReference; lastKnownFileType = sourcecode.swift; path = GifDownloader.swift; sourceTree = "<group>"; };
		184253BB238AECA5009902B6 /* AnimatedImageView.swift */ = {isa = PBXFileReference; lastKnownFileType = sourcecode.swift; path = AnimatedImageView.swift; sourceTree = "<group>"; };
		18C2B9ED238990530069E761 /* WeatherTV.app */ = {isa = PBXFileReference; explicitFileType = wrapper.application; includeInIndex = 0; path = WeatherTV.app; sourceTree = BUILT_PRODUCTS_DIR; };
		18C2B9F0238990530069E761 /* AppDelegate.swift */ = {isa = PBXFileReference; lastKnownFileType = sourcecode.swift; path = AppDelegate.swift; sourceTree = "<group>"; };
		18C2B9F2238990530069E761 /* ContentView.swift */ = {isa = PBXFileReference; lastKnownFileType = sourcecode.swift; path = ContentView.swift; sourceTree = "<group>"; };
		18C2B9F4238990590069E761 /* Assets.xcassets */ = {isa = PBXFileReference; lastKnownFileType = folder.assetcatalog; path = Assets.xcassets; sourceTree = "<group>"; };
		18C2B9F7238990590069E761 /* Preview Assets.xcassets */ = {isa = PBXFileReference; lastKnownFileType = folder.assetcatalog; path = "Preview Assets.xcassets"; sourceTree = "<group>"; };
		18C2B9FA238990590069E761 /* Base */ = {isa = PBXFileReference; lastKnownFileType = file.storyboard; name = Base; path = Base.lproj/LaunchScreen.storyboard; sourceTree = "<group>"; };
		18C2B9FC238990590069E761 /* Info.plist */ = {isa = PBXFileReference; lastKnownFileType = text.plist.xml; path = Info.plist; sourceTree = "<group>"; };
/* End PBXFileReference section */

/* Begin PBXFrameworksBuildPhase section */
		18C2B9EA238990530069E761 /* Frameworks */ = {
			isa = PBXFrameworksBuildPhase;
			buildActionMask = 2147483647;
			files = (
			);
			runOnlyForDeploymentPostprocessing = 0;
		};
/* End PBXFrameworksBuildPhase section */

/* Begin PBXGroup section */
		18C2B9E4238990530069E761 = {
			isa = PBXGroup;
			children = (
				18C2B9EF238990530069E761 /* WeatherTV */,
				18C2B9EE238990530069E761 /* Products */,
			);
			sourceTree = "<group>";
		};
		18C2B9EE238990530069E761 /* Products */ = {
			isa = PBXGroup;
			children = (
				18C2B9ED238990530069E761 /* WeatherTV.app */,
			);
			name = Products;
			sourceTree = "<group>";
		};
		18C2B9EF238990530069E761 /* WeatherTV */ = {
			isa = PBXGroup;
			children = (
				18C2B9F0238990530069E761 /* AppDelegate.swift */,
				18C2B9F2238990530069E761 /* ContentView.swift */,
				18C2B9F4238990590069E761 /* Assets.xcassets */,
				18C2B9F9238990590069E761 /* LaunchScreen.storyboard */,
				18C2B9FC238990590069E761 /* Info.plist */,
				18C2B9F6238990590069E761 /* Preview Content */,
				184253B7238A65B8009902B6 /* Gif.swift */,
				184253B9238A669D009902B6 /* GifDownloader.swift */,
				184253BB238AECA5009902B6 /* AnimatedImageView.swift */,
			);
			path = WeatherTV;
			sourceTree = "<group>";
		};
		18C2B9F6238990590069E761 /* Preview Content */ = {
			isa = PBXGroup;
			children = (
				18C2B9F7238990590069E761 /* Preview Assets.xcassets */,
			);
			path = "Preview Content";
			sourceTree = "<group>";
		};
/* End PBXGroup section */

/* Begin PBXNativeTarget section */
		18C2B9EC238990530069E761 /* WeatherTV */ = {
			isa = PBXNativeTarget;
			buildConfigurationList = 18C2B9FF238990590069E761 /* Build configuration list for PBXNativeTarget "WeatherTV" */;
			buildPhases = (
				18C2B9E9238990530069E761 /* Sources */,
				18C2B9EA238990530069E761 /* Frameworks */,
				18C2B9EB238990530069E761 /* Resources */,
			);
			buildRules = (
			);
			dependencies = (
			);
			name = WeatherTV;
			productName = WeatherTV;
			productReference = 18C2B9ED238990530069E761 /* WeatherTV.app */;
			productType = "com.apple.product-type.application";
		};
/* End PBXNativeTarget section */

/* Begin PBXProject section */
		18C2B9E5238990530069E761 /* Project object */ = {
			isa = PBXProject;
			attributes = {
				LastSwiftUpdateCheck = 1120;
				LastUpgradeCheck = 1120;
				ORGANIZATIONNAME = Delta96;
				TargetAttributes = {
					18C2B9EC238990530069E761 = {
						CreatedOnToolsVersion = 11.2;
					};
				};
			};
			buildConfigurationList = 18C2B9E8238990530069E761 /* Build configuration list for PBXProject "WeatherTV" */;
			compatibilityVersion = "Xcode 9.3";
			developmentRegion = en;
			hasScannedForEncodings = 0;
			knownRegions = (
				en,
				Base,
			);
			mainGroup = 18C2B9E4238990530069E761;
			productRefGroup = 18C2B9EE238990530069E761 /* Products */;
			projectDirPath = "";
			projectRoot = "";
			targets = (
				18C2B9EC238990530069E761 /* WeatherTV */,
			);
		};
/* End PBXProject section */

/* Begin PBXResourcesBuildPhase section */
		18C2B9EB238990530069E761 /* Resources */ = {
			isa = PBXResourcesBuildPhase;
			buildActionMask = 2147483647;
			files = (
				18C2B9FB238990590069E761 /* LaunchScreen.storyboard in Resources */,
				18C2B9F8238990590069E761 /* Preview Assets.xcassets in Resources */,
				18C2B9F5238990590069E761 /* Assets.xcassets in Resources */,
			);
			runOnlyForDeploymentPostprocessing = 0;
		};
/* End PBXResourcesBuildPhase section */

/* Begin PBXSourcesBuildPhase section */
		18C2B9E9238990530069E761 /* Sources */ = {
			isa = PBXSourcesBuildPhase;
			buildActionMask = 2147483647;
			files = (
				18C2B9F3238990530069E761 /* ContentView.swift in Sources */,
				18C2B9F1238990530069E761 /* AppDelegate.swift in Sources */,
				184253BC238AECA5009902B6 /* AnimatedImageView.swift in Sources */,
				184253B8238A65B8009902B6 /* Gif.swift in Sources */,
				184253BA238A669D009902B6 /* GifDownloader.swift in Sources */,
			);
			runOnlyForDeploymentPostprocessing = 0;
		};
/* End PBXSourcesBuildPhase section */

/* Begin PBXVariantGroup section */
		18C2B9F9238990590069E761 /* LaunchScreen.storyboard */ = {
			isa = PBXVariantGroup;
			children = (
				18C2B9FA238990590069E761 /* Base */,
			);
			name = LaunchScreen.storyboard;
			sourceTree = "<group>";
		};
/* End PBXVariantGroup section */

/* Begin XCBuildConfiguration section */
		18C2B9FD238990590069E761 /* Debug */ = {
			isa = XCBuildConfiguration;
			buildSettings = {
				ALWAYS_SEARCH_USER_PATHS = NO;
				CLANG_ANALYZER_NONNULL = YES;
				CLANG_ANALYZER_NUMBER_OBJECT_CONVERSION = YES_AGGRESSIVE;
				CLANG_CXX_LANGUAGE_STANDARD = "gnu++14";
				CLANG_CXX_LIBRARY = "libc++";
				CLANG_ENABLE_MODULES = YES;
				CLANG_ENABLE_OBJC_ARC = YES;
				CLANG_ENABLE_OBJC_WEAK = YES;
				CLANG_WARN_BLOCK_CAPTURE_AUTORELEASING = YES;
				CLANG_WARN_BOOL_CONVERSION = YES;
				CLANG_WARN_COMMA = YES;
				CLANG_WARN_CONSTANT_CONVERSION = YES;
				CLANG_WARN_DEPRECATED_OBJC_IMPLEMENTATIONS = YES;
				CLANG_WARN_DIRECT_OBJC_ISA_USAGE = YES_ERROR;
				CLANG_WARN_DOCUMENTATION_COMMENTS = YES;
				CLANG_WARN_EMPTY_BODY = YES;
				CLANG_WARN_ENUM_CONVERSION = YES;
				CLANG_WARN_INFINITE_RECURSION = YES;
				CLANG_WARN_INT_CONVERSION = YES;
				CLANG_WARN_NON_LITERAL_NULL_CONVERSION = YES;
				CLANG_WARN_OBJC_IMPLICIT_RETAIN_SELF = YES;
				CLANG_WARN_OBJC_LITERAL_CONVERSION = YES;
				CLANG_WARN_OBJC_ROOT_CLASS = YES_ERROR;
				CLANG_WARN_RANGE_LOOP_ANALYSIS = YES;
				CLANG_WARN_STRICT_PROTOTYPES = YES;
				CLANG_WARN_SUSPICIOUS_MOVE = YES;
				CLANG_WARN_UNGUARDED_AVAILABILITY = YES_AGGRESSIVE;
				CLANG_WARN_UNREACHABLE_CODE = YES;
				CLANG_WARN__DUPLICATE_METHOD_MATCH = YES;
				COPY_PHASE_STRIP = NO;
				DEBUG_INFORMATION_FORMAT = dwarf;
				ENABLE_STRICT_OBJC_MSGSEND = YES;
				ENABLE_TESTABILITY = YES;
				GCC_C_LANGUAGE_STANDARD = gnu11;
				GCC_DYNAMIC_NO_PIC = NO;
				GCC_NO_COMMON_BLOCKS = YES;
				GCC_OPTIMIZATION_LEVEL = 0;
				GCC_PREPROCESSOR_DEFINITIONS = (
					"DEBUG=1",
					"$(inherited)",
				);
				GCC_WARN_64_TO_32_BIT_CONVERSION = YES;
				GCC_WARN_ABOUT_RETURN_TYPE = YES_ERROR;
				GCC_WARN_UNDECLARED_SELECTOR = YES;
				GCC_WARN_UNINITIALIZED_AUTOS = YES_AGGRESSIVE;
				GCC_WARN_UNUSED_FUNCTION = YES;
				GCC_WARN_UNUSED_VARIABLE = YES;
				MTL_ENABLE_DEBUG_INFO = INCLUDE_SOURCE;
				MTL_FAST_MATH = YES;
				ONLY_ACTIVE_ARCH = YES;
				SDKROOT = appletvos;
				SWIFT_ACTIVE_COMPILATION_CONDITIONS = DEBUG;
				SWIFT_OPTIMIZATION_LEVEL = "-Onone";
				TVOS_DEPLOYMENT_TARGET = 13.2;
			};
			name = Debug;
		};
		18C2B9FE238990590069E761 /* Release */ = {
			isa = XCBuildConfiguration;
			buildSettings = {
				ALWAYS_SEARCH_USER_PATHS = NO;
				CLANG_ANALYZER_NONNULL = YES;
				CLANG_ANALYZER_NUMBER_OBJECT_CONVERSION = YES_AGGRESSIVE;
				CLANG_CXX_LANGUAGE_STANDARD = "gnu++14";
				CLANG_CXX_LIBRARY = "libc++";
				CLANG_ENABLE_MODULES = YES;
				CLANG_ENABLE_OBJC_ARC = YES;
				CLANG_ENABLE_OBJC_WEAK = YES;
				CLANG_WARN_BLOCK_CAPTURE_AUTORELEASING = YES;
				CLANG_WARN_BOOL_CONVERSION = YES;
				CLANG_WARN_COMMA = YES;
				CLANG_WARN_CONSTANT_CONVERSION = YES;
				CLANG_WARN_DEPRECATED_OBJC_IMPLEMENTATIONS = YES;
				CLANG_WARN_DIRECT_OBJC_ISA_USAGE = YES_ERROR;
				CLANG_WARN_DOCUMENTATION_COMMENTS = YES;
				CLANG_WARN_EMPTY_BODY = YES;
				CLANG_WARN_ENUM_CONVERSION = YES;
				CLANG_WARN_INFINITE_RECURSION = YES;
				CLANG_WARN_INT_CONVERSION = YES;
				CLANG_WARN_NON_LITERAL_NULL_CONVERSION = YES;
				CLANG_WARN_OBJC_IMPLICIT_RETAIN_SELF = YES;
				CLANG_WARN_OBJC_LITERAL_CONVERSION = YES;
				CLANG_WARN_OBJC_ROOT_CLASS = YES_ERROR;
				CLANG_WARN_RANGE_LOOP_ANALYSIS = YES;
				CLANG_WARN_STRICT_PROTOTYPES = YES;
				CLANG_WARN_SUSPICIOUS_MOVE = YES;
				CLANG_WARN_UNGUARDED_AVAILABILITY = YES_AGGRESSIVE;
				CLANG_WARN_UNREACHABLE_CODE = YES;
				CLANG_WARN__DUPLICATE_METHOD_MATCH = YES;
				COPY_PHASE_STRIP = NO;
				DEBUG_INFORMATION_FORMAT = "dwarf-with-dsym";
				ENABLE_NS_ASSERTIONS = NO;
				ENABLE_STRICT_OBJC_MSGSEND = YES;
				GCC_C_LANGUAGE_STANDARD = gnu11;
				GCC_NO_COMMON_BLOCKS = YES;
				GCC_WARN_64_TO_32_BIT_CONVERSION = YES;
				GCC_WARN_ABOUT_RETURN_TYPE = YES_ERROR;
				GCC_WARN_UNDECLARED_SELECTOR = YES;
				GCC_WARN_UNINITIALIZED_AUTOS = YES_AGGRESSIVE;
				GCC_WARN_UNUSED_FUNCTION = YES;
				GCC_WARN_UNUSED_VARIABLE = YES;
				MTL_ENABLE_DEBUG_INFO = NO;
				MTL_FAST_MATH = YES;
				SDKROOT = appletvos;
				SWIFT_COMPILATION_MODE = wholemodule;
				SWIFT_OPTIMIZATION_LEVEL = "-O";
				TVOS_DEPLOYMENT_TARGET = 13.2;
				VALIDATE_PRODUCT = YES;
			};
			name = Release;
		};
		18C2BA00238990590069E761 /* Debug */ = {
			isa = XCBuildConfiguration;
			buildSettings = {
				ASSETCATALOG_COMPILER_APPICON_NAME = "App Icon & Top Shelf Image";
				CODE_SIGN_STYLE = Automatic;
				DEVELOPMENT_ASSET_PATHS = "\"WeatherTV/Preview Content\"";
				DEVELOPMENT_TEAM = 83EHXXK8W9;
				ENABLE_PREVIEWS = YES;
				INFOPLIST_FILE = WeatherTV/Info.plist;
				LD_RUNPATH_SEARCH_PATHS = (
					"$(inherited)",
					"@executable_path/Frameworks",
				);
				PRODUCT_BUNDLE_IDENTIFIER = net.tadel.delta96.WeatherTV;
				PRODUCT_NAME = "$(TARGET_NAME)";
				SWIFT_VERSION = 5.0;
				TARGETED_DEVICE_FAMILY = 3;
			};
			name = Debug;
		};
		18C2BA01238990590069E761 /* Release */ = {
			isa = XCBuildConfiguration;
			buildSettings = {
				ASSETCATALOG_COMPILER_APPICON_NAME = "App Icon & Top Shelf Image";
				CODE_SIGN_STYLE = Automatic;
				DEVELOPMENT_ASSET_PATHS = "\"WeatherTV/Preview Content\"";
				DEVELOPMENT_TEAM = 83EHXXK8W9;
				ENABLE_PREVIEWS = YES;
				INFOPLIST_FILE = WeatherTV/Info.plist;
				LD_RUNPATH_SEARCH_PATHS = (
					"$(inherited)",
					"@executable_path/Frameworks",
				);
				PRODUCT_BUNDLE_IDENTIFIER = net.tadel.delta96.WeatherTV;
				PRODUCT_NAME = "$(TARGET_NAME)";
				SWIFT_VERSION = 5.0;
				TARGETED_DEVICE_FAMILY = 3;
			};
			name = Release;
		};
/* End XCBuildConfiguration section */

/* Begin XCConfigurationList section */
		18C2B9E8238990530069E761 /* Build configuration list for PBXProject "WeatherTV" */ = {
			isa = XCConfigurationList;
			buildConfigurations = (
				18C2B9FD238990590069E761 /* Debug */,
				18C2B9FE238990590069E761 /* Release */,
			);
			defaultConfigurationIsVisible = 0;
			defaultConfigurationName = Release;
		};
		18C2B9FF238990590069E761 /* Build configuration list for PBXNativeTarget "WeatherTV" */ = {
			isa = XCConfigurationList;
			buildConfigurations = (
				18C2BA00238990590069E761 /* Debug */,
				18C2BA01238990590069E761 /* Release */,
			);
			defaultConfigurationIsVisible = 0;
			defaultConfigurationName = Release;
		};
/* End XCConfigurationList section */
	};
	rootObject = 18C2B9E5238990530069E761 /* Project object */;
}
